
Microsoft Visual Studio Solution File, Format Version 12.00
# Visual Studio 15
VisualStudioVersion = 15.0.27130.2036
MinimumVisualStudioVersion = 10.0.40219.1
Project("{FAE04EC0-301F-11D3-BF4B-00C04F79EFBC}") = "TermProject", "TermProject\TermProject.csproj", "{4121F198-B012-45B7-97CA-7149A140605E}"
EndProject
Global
	GlobalSection(SolutionConfigurationPlatforms) = preSolution
		Debug|Any CPU = Debug|Any CPU
		Release|Any CPU = Release|Any CPU
	EndGlobalSection
	GlobalSection(ProjectConfigurationPlatforms) = postSolution
		{4121F198-B012-45B7-97CA-7149A140605E}.Debug|Any CPU.ActiveCfg = Debug|Any CPU
		{4121F198-B012-45B7-97CA-7149A140605E}.Debug|Any CPU.Build.0 = Debug|Any CPU
		{4121F198-B012-45B7-97CA-7149A140605E}.Release|Any CPU.ActiveCfg = Release|Any CPU
		{4121F198-B012-45B7-97CA-7149A140605E}.Release|Any CPU.Build.0 = Release|Any CPU
	EndGlobalSection
	GlobalSection(SolutionProperties) = preSolution
		HideSolutionNode = FALSE
	EndGlobalSection
	GlobalSection(ExtensibilityGlobals) = postSolution
		SolutionGuid = {5D02C7AA-211C-495E-8459-6D47B3E49C6F}
	EndGlobalSection
EndGlobal
